
Microsoft Visual Studio Solution File, Format Version 12.00
# Visual Studio 15
VisualStudioVersion = 15.0.28307.329
MinimumVisualStudioVersion = 10.0.40219.1
Project("{FAE04EC0-301F-11D3-BF4B-00C04F79EFBC}") = "ReactCRUD", "ReactCRUD\ReactCRUD.csproj", "{371AA8F6-7635-48D0-BE36-379DFD3EC454}"
EndProject
Global
	GlobalSection(SolutionConfigurationPlatforms) = preSolution
		Debug|Any CPU = Debug|Any CPU
		Release|Any CPU = Release|Any CPU
	EndGlobalSection
	GlobalSection(ProjectConfigurationPlatforms) = postSolution
		{371AA8F6-7635-48D0-BE36-379DFD3EC454}.Debug|Any CPU.ActiveCfg = Debug|Any CPU
		{371AA8F6-7635-48D0-BE36-379DFD3EC454}.Debug|Any CPU.Build.0 = Debug|Any CPU
		{371AA8F6-7635-48D0-BE36-379DFD3EC454}.Release|Any CPU.ActiveCfg = Release|Any CPU
		{371AA8F6-7635-48D0-BE36-379DFD3EC454}.Release|Any CPU.Build.0 = Release|Any CPU
	EndGlobalSection
	GlobalSection(SolutionProperties) = preSolution
		HideSolutionNode = FALSE
	EndGlobalSection
	GlobalSection(ExtensibilityGlobals) = postSolution
		SolutionGuid = {B7A6D1F4-332E-4F3C-AB75-38652602B63C}
	EndGlobalSection
EndGlobal
